
Microsoft Visual Studio Solution File, Format Version 12.00
# Visual Studio Version 17
VisualStudioVersion = 17.5.002.0
MinimumVisualStudioVersion = 10.0.40219.1
Project("{9A19103F-16F7-4668-BE54-9A1E7A4F7556}") = "webapi", "webapi.csproj", "{1DBBCD58-90DC-420E-8B4F-567811246EC4}"
EndProject
Global
	GlobalSection(SolutionConfigurationPlatforms) = preSolution
		Debug|Any CPU = Debug|Any CPU
		Release|Any CPU = Release|Any CPU
	EndGlobalSection
	GlobalSection(ProjectConfigurationPlatforms) = postSolution
		{1DBBCD58-90DC-420E-8B4F-567811246EC4}.Debug|Any CPU.ActiveCfg = Debug|Any CPU
		{1DBBCD58-90DC-420E-8B4F-567811246EC4}.Debug|Any CPU.Build.0 = Debug|Any CPU
		{1DBBCD58-90DC-420E-8B4F-567811246EC4}.Release|Any CPU.ActiveCfg = Release|Any CPU
		{1DBBCD58-90DC-420E-8B4F-567811246EC4}.Release|Any CPU.Build.0 = Release|Any CPU
	EndGlobalSection
	GlobalSection(SolutionProperties) = preSolution
		HideSolutionNode = FALSE
	EndGlobalSection
	GlobalSection(ExtensibilityGlobals) = postSolution
		SolutionGuid = {F72DF410-0366-4A8A-82FF-BF9246A725D8}
	EndGlobalSection
EndGlobal
